// !$*UTF8*$!
{
	archiveVersion = 1;
	classes = {
	};
	objectVersion = 56;
	objects = {

/* Begin PBXBuildFile section */
		EAB578102AD7D436000D30AD /* CommuterTrainApp.swift in Sources */ = {isa = PBXBuildFile; fileRef = EAB5780F2AD7D436000D30AD /* CommuterTrainApp.swift */; };
		EAB578122AD7D436000D30AD /* Persistence.swift in Sources */ = {isa = PBXBuildFile; fileRef = EAB578112AD7D436000D30AD /* Persistence.swift */; };
		EAB578152AD7D436000D30AD /* CommuterTrain.xcdatamodeld in Sources */ = {isa = PBXBuildFile; fileRef = EAB578132AD7D436000D30AD /* CommuterTrain.xcdatamodeld */; };
		EAB578172AD7D436000D30AD /* ContentView.swift in Sources */ = {isa = PBXBuildFile; fileRef = EAB578162AD7D436000D30AD /* ContentView.swift */; };
		EAB578192AD7D439000D30AD /* Assets.xcassets in Resources */ = {isa = PBXBuildFile; fileRef = EAB578182AD7D439000D30AD /* Assets.xcassets */; };
		EAB5781D2AD7D439000D30AD /* Preview Assets.xcassets in Resources */ = {isa = PBXBuildFile; fileRef = EAB5781C2AD7D439000D30AD /* Preview Assets.xcassets */; };
		EAB578272AD7D43A000D30AD /* CommuterTrainTests.swift in Sources */ = {isa = PBXBuildFile; fileRef = EAB578262AD7D43A000D30AD /* CommuterTrainTests.swift */; };
		EAB578312AD7D43A000D30AD /* CommuterTrainUITests.swift in Sources */ = {isa = PBXBuildFile; fileRef = EAB578302AD7D43A000D30AD /* CommuterTrainUITests.swift */; };
		EAB578332AD7D43A000D30AD /* CommuterTrainUITestsLaunchTests.swift in Sources */ = {isa = PBXBuildFile; fileRef = EAB578322AD7D43A000D30AD /* CommuterTrainUITestsLaunchTests.swift */; };
		EAB578402AD7D62D000D30AD /* MainContentView.swift in Sources */ = {isa = PBXBuildFile; fileRef = EAB5783F2AD7D62D000D30AD /* MainContentView.swift */; };
		EAB578422AD7D8B5000D30AD /* TrainPositionView.swift in Sources */ = {isa = PBXBuildFile; fileRef = EAB578412AD7D8B5000D30AD /* TrainPositionView.swift */; };
		EAB578442AD7D91E000D30AD /* TrainScheduleView.swift in Sources */ = {isa = PBXBuildFile; fileRef = EAB578432AD7D91E000D30AD /* TrainScheduleView.swift */; };
		EAB578462AD7D953000D30AD /* FeeCalculatorView.swift in Sources */ = {isa = PBXBuildFile; fileRef = EAB578452AD7D953000D30AD /* FeeCalculatorView.swift */; };
		EAB578482AD7DA48000D30AD /* RouteInformationView.swift in Sources */ = {isa = PBXBuildFile; fileRef = EAB578472AD7DA48000D30AD /* RouteInformationView.swift */; };
/* End PBXBuildFile section */

/* Begin PBXContainerItemProxy section */
		EAB578232AD7D43A000D30AD /* PBXContainerItemProxy */ = {
			isa = PBXContainerItemProxy;
			containerPortal = EAB578042AD7D435000D30AD /* Project object */;
			proxyType = 1;
			remoteGlobalIDString = EAB5780B2AD7D436000D30AD;
			remoteInfo = CommuterTrain;
		};
		EAB5782D2AD7D43A000D30AD /* PBXContainerItemProxy */ = {
			isa = PBXContainerItemProxy;
			containerPortal = EAB578042AD7D435000D30AD /* Project object */;
			proxyType = 1;
			remoteGlobalIDString = EAB5780B2AD7D436000D30AD;
			remoteInfo = CommuterTrain;
		};
/* End PBXContainerItemProxy section */

/* Begin PBXFileReference section */
		EAB5780C2AD7D436000D30AD /* CommuterTrain.app */ = {isa = PBXFileReference; explicitFileType = wrapper.application; includeInIndex = 0; path = CommuterTrain.app; sourceTree = BUILT_PRODUCTS_DIR; };
		EAB5780F2AD7D436000D30AD /* CommuterTrainApp.swift */ = {isa = PBXFileReference; lastKnownFileType = sourcecode.swift; path = CommuterTrainApp.swift; sourceTree = "<group>"; };
		EAB578112AD7D436000D30AD /* Persistence.swift */ = {isa = PBXFileReference; lastKnownFileType = sourcecode.swift; path = Persistence.swift; sourceTree = "<group>"; };
		EAB578142AD7D436000D30AD /* CommuterTrain.xcdatamodel */ = {isa = PBXFileReference; lastKnownFileType = wrapper.xcdatamodel; path = CommuterTrain.xcdatamodel; sourceTree = "<group>"; };
		EAB578162AD7D436000D30AD /* ContentView.swift */ = {isa = PBXFileReference; lastKnownFileType = sourcecode.swift; path = ContentView.swift; sourceTree = "<group>"; };
		EAB578182AD7D439000D30AD /* Assets.xcassets */ = {isa = PBXFileReference; lastKnownFileType = folder.assetcatalog; path = Assets.xcassets; sourceTree = "<group>"; };
		EAB5781A2AD7D439000D30AD /* CommuterTrain.entitlements */ = {isa = PBXFileReference; lastKnownFileType = text.plist.entitlements; path = CommuterTrain.entitlements; sourceTree = "<group>"; };
		EAB5781C2AD7D439000D30AD /* Preview Assets.xcassets */ = {isa = PBXFileReference; lastKnownFileType = folder.assetcatalog; path = "Preview Assets.xcassets"; sourceTree = "<group>"; };
		EAB578222AD7D43A000D30AD /* CommuterTrainTests.xctest */ = {isa = PBXFileReference; explicitFileType = wrapper.cfbundle; includeInIndex = 0; path = CommuterTrainTests.xctest; sourceTree = BUILT_PRODUCTS_DIR; };
		EAB578262AD7D43A000D30AD /* CommuterTrainTests.swift */ = {isa = PBXFileReference; lastKnownFileType = sourcecode.swift; path = CommuterTrainTests.swift; sourceTree = "<group>"; };
		EAB5782C2AD7D43A000D30AD /* CommuterTrainUITests.xctest */ = {isa = PBXFileReference; explicitFileType = wrapper.cfbundle; includeInIndex = 0; path = CommuterTrainUITests.xctest; sourceTree = BUILT_PRODUCTS_DIR; };
		EAB578302AD7D43A000D30AD /* CommuterTrainUITests.swift */ = {isa = PBXFileReference; lastKnownFileType = sourcecode.swift; path = CommuterTrainUITests.swift; sourceTree = "<group>"; };
		EAB578322AD7D43A000D30AD /* CommuterTrainUITestsLaunchTests.swift */ = {isa = PBXFileReference; lastKnownFileType = sourcecode.swift; path = CommuterTrainUITestsLaunchTests.swift; sourceTree = "<group>"; };
		EAB5783F2AD7D62D000D30AD /* MainContentView.swift */ = {isa = PBXFileReference; lastKnownFileType = sourcecode.swift; path = MainContentView.swift; sourceTree = "<group>"; };
		EAB578412AD7D8B5000D30AD /* TrainPositionView.swift */ = {isa = PBXFileReference; lastKnownFileType = sourcecode.swift; path = TrainPositionView.swift; sourceTree = "<group>"; };
		EAB578432AD7D91E000D30AD /* TrainScheduleView.swift */ = {isa = PBXFileReference; lastKnownFileType = sourcecode.swift; path = TrainScheduleView.swift; sourceTree = "<group>"; };
		EAB578452AD7D953000D30AD /* FeeCalculatorView.swift */ = {isa = PBXFileReference; lastKnownFileType = sourcecode.swift; path = FeeCalculatorView.swift; sourceTree = "<group>"; };
		EAB578472AD7DA48000D30AD /* RouteInformationView.swift */ = {isa = PBXFileReference; lastKnownFileType = sourcecode.swift; path = RouteInformationView.swift; sourceTree = "<group>"; };
/* End PBXFileReference section */

/* Begin PBXFrameworksBuildPhase section */
		EAB578092AD7D436000D30AD /* Frameworks */ = {
			isa = PBXFrameworksBuildPhase;
			buildActionMask = 2147483647;
			files = (
			);
			runOnlyForDeploymentPostprocessing = 0;
		};
		EAB5781F2AD7D43A000D30AD /* Frameworks */ = {
			isa = PBXFrameworksBuildPhase;
			buildActionMask = 2147483647;
			files = (
			);
			runOnlyForDeploymentPostprocessing = 0;
		};
		EAB578292AD7D43A000D30AD /* Frameworks */ = {
			isa = PBXFrameworksBuildPhase;
			buildActionMask = 2147483647;
			files = (
			);
			runOnlyForDeploymentPostprocessing = 0;
		};
/* End PBXFrameworksBuildPhase section */

/* Begin PBXGroup section */
		EAB578032AD7D435000D30AD = {
			isa = PBXGroup;
			children = (
				EAB5780E2AD7D436000D30AD /* CommuterTrain */,
				EAB578252AD7D43A000D30AD /* CommuterTrainTests */,
				EAB5782F2AD7D43A000D30AD /* CommuterTrainUITests */,
				EAB5780D2AD7D436000D30AD /* Products */,
			);
			sourceTree = "<group>";
		};
		EAB5780D2AD7D436000D30AD /* Products */ = {
			isa = PBXGroup;
			children = (
				EAB5780C2AD7D436000D30AD /* CommuterTrain.app */,
				EAB578222AD7D43A000D30AD /* CommuterTrainTests.xctest */,
				EAB5782C2AD7D43A000D30AD /* CommuterTrainUITests.xctest */,
			);
			name = Products;
			sourceTree = "<group>";
		};
		EAB5780E2AD7D436000D30AD /* CommuterTrain */ = {
			isa = PBXGroup;
			children = (
				EAB5780F2AD7D436000D30AD /* CommuterTrainApp.swift */,
				EAB578112AD7D436000D30AD /* Persistence.swift */,
				EAB578162AD7D436000D30AD /* ContentView.swift */,
				EAB578182AD7D439000D30AD /* Assets.xcassets */,
				EAB5781A2AD7D439000D30AD /* CommuterTrain.entitlements */,
				EAB578132AD7D436000D30AD /* CommuterTrain.xcdatamodeld */,
				EAB5781B2AD7D439000D30AD /* Preview Content */,
				EAB5783F2AD7D62D000D30AD /* MainContentView.swift */,
				EAB578412AD7D8B5000D30AD /* TrainPositionView.swift */,
				EAB578432AD7D91E000D30AD /* TrainScheduleView.swift */,
				EAB578452AD7D953000D30AD /* FeeCalculatorView.swift */,
				EAB578472AD7DA48000D30AD /* RouteInformationView.swift */,
			);
			path = CommuterTrain;
			sourceTree = "<group>";
		};
		EAB5781B2AD7D439000D30AD /* Preview Content */ = {
			isa = PBXGroup;
			children = (
				EAB5781C2AD7D439000D30AD /* Preview Assets.xcassets */,
			);
			path = "Preview Content";
			sourceTree = "<group>";
		};
		EAB578252AD7D43A000D30AD /* CommuterTrainTests */ = {
			isa = PBXGroup;
			children = (
				EAB578262AD7D43A000D30AD /* CommuterTrainTests.swift */,
			);
			path = CommuterTrainTests;
			sourceTree = "<group>";
		};
		EAB5782F2AD7D43A000D30AD /* CommuterTrainUITests */ = {
			isa = PBXGroup;
			children = (
				EAB578302AD7D43A000D30AD /* CommuterTrainUITests.swift */,
				EAB578322AD7D43A000D30AD /* CommuterTrainUITestsLaunchTests.swift */,
			);
			path = CommuterTrainUITests;
			sourceTree = "<group>";
		};
/* End PBXGroup section */

/* Begin PBXNativeTarget section */
		EAB5780B2AD7D436000D30AD /* CommuterTrain */ = {
			isa = PBXNativeTarget;
			buildConfigurationList = EAB578362AD7D43A000D30AD /* Build configuration list for PBXNativeTarget "CommuterTrain" */;
			buildPhases = (
				EAB578082AD7D436000D30AD /* Sources */,
				EAB578092AD7D436000D30AD /* Frameworks */,
				EAB5780A2AD7D436000D30AD /* Resources */,
			);
			buildRules = (
			);
			dependencies = (
			);
			name = CommuterTrain;
			productName = CommuterTrain;
			productReference = EAB5780C2AD7D436000D30AD /* CommuterTrain.app */;
			productType = "com.apple.product-type.application";
		};
		EAB578212AD7D43A000D30AD /* CommuterTrainTests */ = {
			isa = PBXNativeTarget;
			buildConfigurationList = EAB578392AD7D43A000D30AD /* Build configuration list for PBXNativeTarget "CommuterTrainTests" */;
			buildPhases = (
				EAB5781E2AD7D43A000D30AD /* Sources */,
				EAB5781F2AD7D43A000D30AD /* Frameworks */,
				EAB578202AD7D43A000D30AD /* Resources */,
			);
			buildRules = (
			);
			dependencies = (
				EAB578242AD7D43A000D30AD /* PBXTargetDependency */,
			);
			name = CommuterTrainTests;
			productName = CommuterTrainTests;
			productReference = EAB578222AD7D43A000D30AD /* CommuterTrainTests.xctest */;
			productType = "com.apple.product-type.bundle.unit-test";
		};
		EAB5782B2AD7D43A000D30AD /* CommuterTrainUITests */ = {
			isa = PBXNativeTarget;
			buildConfigurationList = EAB5783C2AD7D43A000D30AD /* Build configuration list for PBXNativeTarget "CommuterTrainUITests" */;
			buildPhases = (
				EAB578282AD7D43A000D30AD /* Sources */,
				EAB578292AD7D43A000D30AD /* Frameworks */,
				EAB5782A2AD7D43A000D30AD /* Resources */,
			);
			buildRules = (
			);
			dependencies = (
				EAB5782E2AD7D43A000D30AD /* PBXTargetDependency */,
			);
			name = CommuterTrainUITests;
			productName = CommuterTrainUITests;
			productReference = EAB5782C2AD7D43A000D30AD /* CommuterTrainUITests.xctest */;
			productType = "com.apple.product-type.bundle.ui-testing";
		};
/* End PBXNativeTarget section */

/* Begin PBXProject section */
		EAB578042AD7D435000D30AD /* Project object */ = {
			isa = PBXProject;
			attributes = {
				BuildIndependentTargetsInParallel = 1;
				LastSwiftUpdateCheck = 1430;
				LastUpgradeCheck = 1430;
				TargetAttributes = {
					EAB5780B2AD7D436000D30AD = {
						CreatedOnToolsVersion = 14.3.1;
					};
					EAB578212AD7D43A000D30AD = {
						CreatedOnToolsVersion = 14.3.1;
						TestTargetID = EAB5780B2AD7D436000D30AD;
					};
					EAB5782B2AD7D43A000D30AD = {
						CreatedOnToolsVersion = 14.3.1;
						TestTargetID = EAB5780B2AD7D436000D30AD;
					};
				};
			};
			buildConfigurationList = EAB578072AD7D435000D30AD /* Build configuration list for PBXProject "CommuterTrain" */;
			compatibilityVersion = "Xcode 14.0";
			developmentRegion = en;
			hasScannedForEncodings = 0;
			knownRegions = (
				en,
				Base,
			);
			mainGroup = EAB578032AD7D435000D30AD;
			productRefGroup = EAB5780D2AD7D436000D30AD /* Products */;
			projectDirPath = "";
			projectRoot = "";
			targets = (
				EAB5780B2AD7D436000D30AD /* CommuterTrain */,
				EAB578212AD7D43A000D30AD /* CommuterTrainTests */,
				EAB5782B2AD7D43A000D30AD /* CommuterTrainUITests */,
			);
		};
/* End PBXProject section */

/* Begin PBXResourcesBuildPhase section */
		EAB5780A2AD7D436000D30AD /* Resources */ = {
			isa = PBXResourcesBuildPhase;
			buildActionMask = 2147483647;
			files = (
				EAB5781D2AD7D439000D30AD /* Preview Assets.xcassets in Resources */,
				EAB578192AD7D439000D30AD /* Assets.xcassets in Resources */,
			);
			runOnlyForDeploymentPostprocessing = 0;
		};
		EAB578202AD7D43A000D30AD /* Resources */ = {
			isa = PBXResourcesBuildPhase;
			buildActionMask = 2147483647;
			files = (
			);
			runOnlyForDeploymentPostprocessing = 0;
		};
		EAB5782A2AD7D43A000D30AD /* Resources */ = {
			isa = PBXResourcesBuildPhase;
			buildActionMask = 2147483647;
			files = (
			);
			runOnlyForDeploymentPostprocessing = 0;
		};
/* End PBXResourcesBuildPhase section */

/* Begin PBXSourcesBuildPhase section */
		EAB578082AD7D436000D30AD /* Sources */ = {
			isa = PBXSourcesBuildPhase;
			buildActionMask = 2147483647;
			files = (
				EAB578102AD7D436000D30AD /* CommuterTrainApp.swift in Sources */,
				EAB578152AD7D436000D30AD /* CommuterTrain.xcdatamodeld in Sources */,
				EAB578172AD7D436000D30AD /* ContentView.swift in Sources */,
				EAB578482AD7DA48000D30AD /* RouteInformationView.swift in Sources */,
				EAB578122AD7D436000D30AD /* Persistence.swift in Sources */,
				EAB578442AD7D91E000D30AD /* TrainScheduleView.swift in Sources */,
				EAB578422AD7D8B5000D30AD /* TrainPositionView.swift in Sources */,
				EAB578402AD7D62D000D30AD /* MainContentView.swift in Sources */,
				EAB578462AD7D953000D30AD /* FeeCalculatorView.swift in Sources */,
			);
			runOnlyForDeploymentPostprocessing = 0;
		};
		EAB5781E2AD7D43A000D30AD /* Sources */ = {
			isa = PBXSourcesBuildPhase;
			buildActionMask = 2147483647;
			files = (
				EAB578272AD7D43A000D30AD /* CommuterTrainTests.swift in Sources */,
			);
			runOnlyForDeploymentPostprocessing = 0;
		};
		EAB578282AD7D43A000D30AD /* Sources */ = {
			isa = PBXSourcesBuildPhase;
			buildActionMask = 2147483647;
			files = (
				EAB578312AD7D43A000D30AD /* CommuterTrainUITests.swift in Sources */,
				EAB578332AD7D43A000D30AD /* CommuterTrainUITestsLaunchTests.swift in Sources */,
			);
			runOnlyForDeploymentPostprocessing = 0;
		};
/* End PBXSourcesBuildPhase section */

/* Begin PBXTargetDependency section */
		EAB578242AD7D43A000D30AD /* PBXTargetDependency */ = {
			isa = PBXTargetDependency;
			target = EAB5780B2AD7D436000D30AD /* CommuterTrain */;
			targetProxy = EAB578232AD7D43A000D30AD /* PBXContainerItemProxy */;
		};
		EAB5782E2AD7D43A000D30AD /* PBXTargetDependency */ = {
			isa = PBXTargetDependency;
			target = EAB5780B2AD7D436000D30AD /* CommuterTrain */;
			targetProxy = EAB5782D2AD7D43A000D30AD /* PBXContainerItemProxy */;
		};
/* End PBXTargetDependency section */

/* Begin XCBuildConfiguration section */
		EAB578342AD7D43A000D30AD /* Debug */ = {
			isa = XCBuildConfiguration;
			buildSettings = {
				ALWAYS_SEARCH_USER_PATHS = NO;
				CLANG_ANALYZER_NONNULL = YES;
				CLANG_ANALYZER_NUMBER_OBJECT_CONVERSION = YES_AGGRESSIVE;
				CLANG_CXX_LANGUAGE_STANDARD = "gnu++20";
				CLANG_ENABLE_MODULES = YES;
				CLANG_ENABLE_OBJC_ARC = YES;
				CLANG_ENABLE_OBJC_WEAK = YES;
				CLANG_WARN_BLOCK_CAPTURE_AUTORELEASING = YES;
				CLANG_WARN_BOOL_CONVERSION = YES;
				CLANG_WARN_COMMA = YES;
				CLANG_WARN_CONSTANT_CONVERSION = YES;
				CLANG_WARN_DEPRECATED_OBJC_IMPLEMENTATIONS = YES;
				CLANG_WARN_DIRECT_OBJC_ISA_USAGE = YES_ERROR;
				CLANG_WARN_DOCUMENTATION_COMMENTS = YES;
				CLANG_WARN_EMPTY_BODY = YES;
				CLANG_WARN_ENUM_CONVERSION = YES;
				CLANG_WARN_INFINITE_RECURSION = YES;
				CLANG_WARN_INT_CONVERSION = YES;
				CLANG_WARN_NON_LITERAL_NULL_CONVERSION = YES;
				CLANG_WARN_OBJC_IMPLICIT_RETAIN_SELF = YES;
				CLANG_WARN_OBJC_LITERAL_CONVERSION = YES;
				CLANG_WARN_OBJC_ROOT_CLASS = YES_ERROR;
				CLANG_WARN_QUOTED_INCLUDE_IN_FRAMEWORK_HEADER = YES;
				CLANG_WARN_RANGE_LOOP_ANALYSIS = YES;
				CLANG_WARN_STRICT_PROTOTYPES = YES;
				CLANG_WARN_SUSPICIOUS_MOVE = YES;
				CLANG_WARN_UNGUARDED_AVAILABILITY = YES_AGGRESSIVE;
				CLANG_WARN_UNREACHABLE_CODE = YES;
				CLANG_WARN__DUPLICATE_METHOD_MATCH = YES;
				COPY_PHASE_STRIP = NO;
				DEBUG_INFORMATION_FORMAT = dwarf;
				ENABLE_STRICT_OBJC_MSGSEND = YES;
				ENABLE_TESTABILITY = YES;
				GCC_C_LANGUAGE_STANDARD = gnu11;
				GCC_DYNAMIC_NO_PIC = NO;
				GCC_NO_COMMON_BLOCKS = YES;
				GCC_OPTIMIZATION_LEVEL = 0;
				GCC_PREPROCESSOR_DEFINITIONS = (
					"DEBUG=1",
					"$(inherited)",
				);
				GCC_WARN_64_TO_32_BIT_CONVERSION = YES;
				GCC_WARN_ABOUT_RETURN_TYPE = YES_ERROR;
				GCC_WARN_UNDECLARED_SELECTOR = YES;
				GCC_WARN_UNINITIALIZED_AUTOS = YES_AGGRESSIVE;
				GCC_WARN_UNUSED_FUNCTION = YES;
				GCC_WARN_UNUSED_VARIABLE = YES;
				MTL_ENABLE_DEBUG_INFO = INCLUDE_SOURCE;
				MTL_FAST_MATH = YES;
				ONLY_ACTIVE_ARCH = YES;
				SWIFT_ACTIVE_COMPILATION_CONDITIONS = DEBUG;
				SWIFT_OPTIMIZATION_LEVEL = "-Onone";
			};
			name = Debug;
		};
		EAB578352AD7D43A000D30AD /* Release */ = {
			isa = XCBuildConfiguration;
			buildSettings = {
				ALWAYS_SEARCH_USER_PATHS = NO;
				CLANG_ANALYZER_NONNULL = YES;
				CLANG_ANALYZER_NUMBER_OBJECT_CONVERSION = YES_AGGRESSIVE;
				CLANG_CXX_LANGUAGE_STANDARD = "gnu++20";
				CLANG_ENABLE_MODULES = YES;
				CLANG_ENABLE_OBJC_ARC = YES;
				CLANG_ENABLE_OBJC_WEAK = YES;
				CLANG_WARN_BLOCK_CAPTURE_AUTORELEASING = YES;
				CLANG_WARN_BOOL_CONVERSION = YES;
				CLANG_WARN_COMMA = YES;
				CLANG_WARN_CONSTANT_CONVERSION = YES;
				CLANG_WARN_DEPRECATED_OBJC_IMPLEMENTATIONS = YES;
				CLANG_WARN_DIRECT_OBJC_ISA_USAGE = YES_ERROR;
				CLANG_WARN_DOCUMENTATION_COMMENTS = YES;
				CLANG_WARN_EMPTY_BODY = YES;
				CLANG_WARN_ENUM_CONVERSION = YES;
				CLANG_WARN_INFINITE_RECURSION = YES;
				CLANG_WARN_INT_CONVERSION = YES;
				CLANG_WARN_NON_LITERAL_NULL_CONVERSION = YES;
				CLANG_WARN_OBJC_IMPLICIT_RETAIN_SELF = YES;
				CLANG_WARN_OBJC_LITERAL_CONVERSION = YES;
				CLANG_WARN_OBJC_ROOT_CLASS = YES_ERROR;
				CLANG_WARN_QUOTED_INCLUDE_IN_FRAMEWORK_HEADER = YES;
				CLANG_WARN_RANGE_LOOP_ANALYSIS = YES;
				CLANG_WARN_STRICT_PROTOTYPES = YES;
				CLANG_WARN_SUSPICIOUS_MOVE = YES;
				CLANG_WARN_UNGUARDED_AVAILABILITY = YES_AGGRESSIVE;
				CLANG_WARN_UNREACHABLE_CODE = YES;
				CLANG_WARN__DUPLICATE_METHOD_MATCH = YES;
				COPY_PHASE_STRIP = NO;
				DEBUG_INFORMATION_FORMAT = "dwarf-with-dsym";
				ENABLE_NS_ASSERTIONS = NO;
				ENABLE_STRICT_OBJC_MSGSEND = YES;
				GCC_C_LANGUAGE_STANDARD = gnu11;
				GCC_NO_COMMON_BLOCKS = YES;
				GCC_WARN_64_TO_32_BIT_CONVERSION = YES;
				GCC_WARN_ABOUT_RETURN_TYPE = YES_ERROR;
				GCC_WARN_UNDECLARED_SELECTOR = YES;
				GCC_WARN_UNINITIALIZED_AUTOS = YES_AGGRESSIVE;
				GCC_WARN_UNUSED_FUNCTION = YES;
				GCC_WARN_UNUSED_VARIABLE = YES;
				MTL_ENABLE_DEBUG_INFO = NO;
				MTL_FAST_MATH = YES;
				SWIFT_COMPILATION_MODE = wholemodule;
				SWIFT_OPTIMIZATION_LEVEL = "-O";
			};
			name = Release;
		};
		EAB578372AD7D43A000D30AD /* Debug */ = {
			isa = XCBuildConfiguration;
			buildSettings = {
				ASSETCATALOG_COMPILER_APPICON_NAME = AppIcon;
				ASSETCATALOG_COMPILER_GLOBAL_ACCENT_COLOR_NAME = AccentColor;
				CODE_SIGN_ENTITLEMENTS = CommuterTrain/CommuterTrain.entitlements;
				CODE_SIGN_STYLE = Automatic;
				CURRENT_PROJECT_VERSION = 1;
				DEVELOPMENT_ASSET_PATHS = "\"CommuterTrain/Preview Content\"";
				DEVELOPMENT_TEAM = 4J34S2PP4X;
				ENABLE_HARDENED_RUNTIME = YES;
				ENABLE_PREVIEWS = YES;
				GENERATE_INFOPLIST_FILE = YES;
				INFOPLIST_KEY_CFBundleDisplayName = "Commuter Train";
				"INFOPLIST_KEY_UIApplicationSceneManifest_Generation[sdk=iphoneos*]" = YES;
				"INFOPLIST_KEY_UIApplicationSceneManifest_Generation[sdk=iphonesimulator*]" = YES;
				"INFOPLIST_KEY_UIApplicationSupportsIndirectInputEvents[sdk=iphoneos*]" = YES;
				"INFOPLIST_KEY_UIApplicationSupportsIndirectInputEvents[sdk=iphonesimulator*]" = YES;
				"INFOPLIST_KEY_UILaunchScreen_Generation[sdk=iphoneos*]" = YES;
				"INFOPLIST_KEY_UILaunchScreen_Generation[sdk=iphonesimulator*]" = YES;
				"INFOPLIST_KEY_UIStatusBarStyle[sdk=iphoneos*]" = UIStatusBarStyleDefault;
				"INFOPLIST_KEY_UIStatusBarStyle[sdk=iphonesimulator*]" = UIStatusBarStyleDefault;
				INFOPLIST_KEY_UISupportedInterfaceOrientations_iPad = "UIInterfaceOrientationPortrait UIInterfaceOrientationPortraitUpsideDown UIInterfaceOrientationLandscapeLeft UIInterfaceOrientationLandscapeRight";
				INFOPLIST_KEY_UISupportedInterfaceOrientations_iPhone = "UIInterfaceOrientationPortrait UIInterfaceOrientationLandscapeLeft UIInterfaceOrientationLandscapeRight";
				IPHONEOS_DEPLOYMENT_TARGET = 16.4;
				LD_RUNPATH_SEARCH_PATHS = "@executable_path/Frameworks";
				"LD_RUNPATH_SEARCH_PATHS[sdk=macosx*]" = "@executable_path/../Frameworks";
				MACOSX_DEPLOYMENT_TARGET = 13.3;
				MARKETING_VERSION = 1.0;
				PRODUCT_BUNDLE_IDENTIFIER = id.bungamungil.CommuterTrain;
				PRODUCT_NAME = "$(TARGET_NAME)";
				SDKROOT = auto;
				SUPPORTED_PLATFORMS = "iphoneos iphonesimulator macosx";
				SWIFT_EMIT_LOC_STRINGS = YES;
				SWIFT_VERSION = 5.0;
				TARGETED_DEVICE_FAMILY = "1,2";
			};
			name = Debug;
		};
		EAB578382AD7D43A000D30AD /* Release */ = {
			isa = XCBuildConfiguration;
			buildSettings = {
				ASSETCATALOG_COMPILER_APPICON_NAME = AppIcon;
				ASSETCATALOG_COMPILER_GLOBAL_ACCENT_COLOR_NAME = AccentColor;
				CODE_SIGN_ENTITLEMENTS = CommuterTrain/CommuterTrain.entitlements;
				CODE_SIGN_STYLE = Automatic;
				CURRENT_PROJECT_VERSION = 1;
				DEVELOPMENT_ASSET_PATHS = "\"CommuterTrain/Preview Content\"";
				DEVELOPMENT_TEAM = 4J34S2PP4X;
				ENABLE_HARDENED_RUNTIME = YES;
				ENABLE_PREVIEWS = YES;
				GENERATE_INFOPLIST_FILE = YES;
				INFOPLIST_KEY_CFBundleDisplayName = "Commuter Train";
				"INFOPLIST_KEY_UIApplicationSceneManifest_Generation[sdk=iphoneos*]" = YES;
				"INFOPLIST_KEY_UIApplicationSceneManifest_Generation[sdk=iphonesimulator*]" = YES;
				"INFOPLIST_KEY_UIApplicationSupportsIndirectInputEvents[sdk=iphoneos*]" = YES;
				"INFOPLIST_KEY_UIApplicationSupportsIndirectInputEvents[sdk=iphonesimulator*]" = YES;
				"INFOPLIST_KEY_UILaunchScreen_Generation[sdk=iphoneos*]" = YES;
				"INFOPLIST_KEY_UILaunchScreen_Generation[sdk=iphonesimulator*]" = YES;
				"INFOPLIST_KEY_UIStatusBarStyle[sdk=iphoneos*]" = UIStatusBarStyleDefault;
				"INFOPLIST_KEY_UIStatusBarStyle[sdk=iphonesimulator*]" = UIStatusBarStyleDefault;
				INFOPLIST_KEY_UISupportedInterfaceOrientations_iPad = "UIInterfaceOrientationPortrait UIInterfaceOrientationPortraitUpsideDown UIInterfaceOrientationLandscapeLeft UIInterfaceOrientationLandscapeRight";
				INFOPLIST_KEY_UISupportedInterfaceOrientations_iPhone = "UIInterfaceOrientationPortrait UIInterfaceOrientationLandscapeLeft UIInterfaceOrientationLandscapeRight";
				IPHONEOS_DEPLOYMENT_TARGET = 16.4;
				LD_RUNPATH_SEARCH_PATHS = "@executable_path/Frameworks";
				"LD_RUNPATH_SEARCH_PATHS[sdk=macosx*]" = "@executable_path/../Frameworks";
				MACOSX_DEPLOYMENT_TARGET = 13.3;
				MARKETING_VERSION = 1.0;
				PRODUCT_BUNDLE_IDENTIFIER = id.bungamungil.CommuterTrain;
				PRODUCT_NAME = "$(TARGET_NAME)";
				SDKROOT = auto;
				SUPPORTED_PLATFORMS = "iphoneos iphonesimulator macosx";
				SWIFT_EMIT_LOC_STRINGS = YES;
				SWIFT_VERSION = 5.0;
				TARGETED_DEVICE_FAMILY = "1,2";
			};
			name = Release;
		};
		EAB5783A2AD7D43A000D30AD /* Debug */ = {
			isa = XCBuildConfiguration;
			buildSettings = {
				ALWAYS_EMBED_SWIFT_STANDARD_LIBRARIES = YES;
				BUNDLE_LOADER = "$(TEST_HOST)";
				CODE_SIGN_STYLE = Automatic;
				CURRENT_PROJECT_VERSION = 1;
				DEVELOPMENT_TEAM = 4J34S2PP4X;
				GENERATE_INFOPLIST_FILE = YES;
				IPHONEOS_DEPLOYMENT_TARGET = 16.4;
				MACOSX_DEPLOYMENT_TARGET = 13.3;
				MARKETING_VERSION = 1.0;
				PRODUCT_BUNDLE_IDENTIFIER = id.bungamungil.CommuterTrainTests;
				PRODUCT_NAME = "$(TARGET_NAME)";
				SDKROOT = auto;
				SUPPORTED_PLATFORMS = "iphoneos iphonesimulator macosx";
				SWIFT_EMIT_LOC_STRINGS = NO;
				SWIFT_VERSION = 5.0;
				TARGETED_DEVICE_FAMILY = "1,2";
				TEST_HOST = "$(BUILT_PRODUCTS_DIR)/CommuterTrain.app/$(BUNDLE_EXECUTABLE_FOLDER_PATH)/CommuterTrain";
			};
			name = Debug;
		};
		EAB5783B2AD7D43A000D30AD /* Release */ = {
			isa = XCBuildConfiguration;
			buildSettings = {
				ALWAYS_EMBED_SWIFT_STANDARD_LIBRARIES = YES;
				BUNDLE_LOADER = "$(TEST_HOST)";
				CODE_SIGN_STYLE = Automatic;
				CURRENT_PROJECT_VERSION = 1;
				DEVELOPMENT_TEAM = 4J34S2PP4X;
				GENERATE_INFOPLIST_FILE = YES;
				IPHONEOS_DEPLOYMENT_TARGET = 16.4;
				MACOSX_DEPLOYMENT_TARGET = 13.3;
				MARKETING_VERSION = 1.0;
				PRODUCT_BUNDLE_IDENTIFIER = id.bungamungil.CommuterTrainTests;
				PRODUCT_NAME = "$(TARGET_NAME)";
				SDKROOT = auto;
				SUPPORTED_PLATFORMS = "iphoneos iphonesimulator macosx";
				SWIFT_EMIT_LOC_STRINGS = NO;
				SWIFT_VERSION = 5.0;
				TARGETED_DEVICE_FAMILY = "1,2";
				TEST_HOST = "$(BUILT_PRODUCTS_DIR)/CommuterTrain.app/$(BUNDLE_EXECUTABLE_FOLDER_PATH)/CommuterTrain";
			};
			name = Release;
		};
		EAB5783D2AD7D43A000D30AD /* Debug */ = {
			isa = XCBuildConfiguration;
			buildSettings = {
				ALWAYS_EMBED_SWIFT_STANDARD_LIBRARIES = YES;
				CODE_SIGN_STYLE = Automatic;
				CURRENT_PROJECT_VERSION = 1;
				DEVELOPMENT_TEAM = 4J34S2PP4X;
				GENERATE_INFOPLIST_FILE = YES;
				IPHONEOS_DEPLOYMENT_TARGET = 16.4;
				MACOSX_DEPLOYMENT_TARGET = 13.3;
				MARKETING_VERSION = 1.0;
				PRODUCT_BUNDLE_IDENTIFIER = id.bungamungil.CommuterTrainUITests;
				PRODUCT_NAME = "$(TARGET_NAME)";
				SDKROOT = auto;
				SUPPORTED_PLATFORMS = "iphoneos iphonesimulator macosx";
				SWIFT_EMIT_LOC_STRINGS = NO;
				SWIFT_VERSION = 5.0;
				TARGETED_DEVICE_FAMILY = "1,2";
				TEST_TARGET_NAME = CommuterTrain;
			};
			name = Debug;
		};
		EAB5783E2AD7D43A000D30AD /* Release */ = {
			isa = XCBuildConfiguration;
			buildSettings = {
				ALWAYS_EMBED_SWIFT_STANDARD_LIBRARIES = YES;
				CODE_SIGN_STYLE = Automatic;
				CURRENT_PROJECT_VERSION = 1;
				DEVELOPMENT_TEAM = 4J34S2PP4X;
				GENERATE_INFOPLIST_FILE = YES;
				IPHONEOS_DEPLOYMENT_TARGET = 16.4;
				MACOSX_DEPLOYMENT_TARGET = 13.3;
				MARKETING_VERSION = 1.0;
				PRODUCT_BUNDLE_IDENTIFIER = id.bungamungil.CommuterTrainUITests;
				PRODUCT_NAME = "$(TARGET_NAME)";
				SDKROOT = auto;
				SUPPORTED_PLATFORMS = "iphoneos iphonesimulator macosx";
				SWIFT_EMIT_LOC_STRINGS = NO;
				SWIFT_VERSION = 5.0;
				TARGETED_DEVICE_FAMILY = "1,2";
				TEST_TARGET_NAME = CommuterTrain;
			};
			name = Release;
		};
/* End XCBuildConfiguration section */

/* Begin XCConfigurationList section */
		EAB578072AD7D435000D30AD /* Build configuration list for PBXProject "CommuterTrain" */ = {
			isa = XCConfigurationList;
			buildConfigurations = (
				EAB578342AD7D43A000D30AD /* Debug */,
				EAB578352AD7D43A000D30AD /* Release */,
			);
			defaultConfigurationIsVisible = 0;
			defaultConfigurationName = Release;
		};
		EAB578362AD7D43A000D30AD /* Build configuration list for PBXNativeTarget "CommuterTrain" */ = {
			isa = XCConfigurationList;
			buildConfigurations = (
				EAB578372AD7D43A000D30AD /* Debug */,
				EAB578382AD7D43A000D30AD /* Release */,
			);
			defaultConfigurationIsVisible = 0;
			defaultConfigurationName = Release;
		};
		EAB578392AD7D43A000D30AD /* Build configuration list for PBXNativeTarget "CommuterTrainTests" */ = {
			isa = XCConfigurationList;
			buildConfigurations = (
				EAB5783A2AD7D43A000D30AD /* Debug */,
				EAB5783B2AD7D43A000D30AD /* Release */,
			);
			defaultConfigurationIsVisible = 0;
			defaultConfigurationName = Release;
		};
		EAB5783C2AD7D43A000D30AD /* Build configuration list for PBXNativeTarget "CommuterTrainUITests" */ = {
			isa = XCConfigurationList;
			buildConfigurations = (
				EAB5783D2AD7D43A000D30AD /* Debug */,
				EAB5783E2AD7D43A000D30AD /* Release */,
			);
			defaultConfigurationIsVisible = 0;
			defaultConfigurationName = Release;
		};
/* End XCConfigurationList section */

/* Begin XCVersionGroup section */
		EAB578132AD7D436000D30AD /* CommuterTrain.xcdatamodeld */ = {
			isa = XCVersionGroup;
			children = (
				EAB578142AD7D436000D30AD /* CommuterTrain.xcdatamodel */,
			);
			currentVersion = EAB578142AD7D436000D30AD /* CommuterTrain.xcdatamodel */;
			path = CommuterTrain.xcdatamodeld;
			sourceTree = "<group>";
			versionGroupType = wrapper.xcdatamodel;
		};
/* End XCVersionGroup section */
	};
	rootObject = EAB578042AD7D435000D30AD /* Project object */;
}
